
Microsoft Visual Studio Solution File, Format Version 12.00
# Visual Studio Version 17
VisualStudioVersion = 17.7.34031.279
MinimumVisualStudioVersion = 10.0.40219.1
Project("{FAE04EC0-301F-11D3-BF4B-00C04F79EFBC}") = "Laboratori04.Android", "Laboratori04\Laboratori04.Android\Laboratori04.Android.csproj", "{0BBE43B4-D91C-4326-A8AC-805762349A81}"
EndProject
Project("{FAE04EC0-301F-11D3-BF4B-00C04F79EFBC}") = "Laboratori04.iOS", "Laboratori04\Laboratori04.iOS\Laboratori04.iOS.csproj", "{4E44C0E4-D9BE-4B30-BDF3-E70FDEF1E4FC}"
EndProject
Project("{FAE04EC0-301F-11D3-BF4B-00C04F79EFBC}") = "Laboratori04", "Laboratori04\Laboratori04\Laboratori04.csproj", "{789D7321-BF42-4EA3-B414-B5A376CC1282}"
EndProject
Global
	GlobalSection(SolutionConfigurationPlatforms) = preSolution
		Debug|Any CPU = Debug|Any CPU
		Debug|iPhone = Debug|iPhone
		Debug|iPhoneSimulator = Debug|iPhoneSimulator
		Release|Any CPU = Release|Any CPU
		Release|iPhone = Release|iPhone
		Release|iPhoneSimulator = Release|iPhoneSimulator
	EndGlobalSection
	GlobalSection(ProjectConfigurationPlatforms) = postSolution
		{0BBE43B4-D91C-4326-A8AC-805762349A81}.Debug|Any CPU.ActiveCfg = Debug|Any CPU
		{0BBE43B4-D91C-4326-A8AC-805762349A81}.Debug|Any CPU.Build.0 = Debug|Any CPU
		{0BBE43B4-D91C-4326-A8AC-805762349A81}.Debug|Any CPU.Deploy.0 = Debug|Any CPU
		{0BBE43B4-D91C-4326-A8AC-805762349A81}.Debug|iPhone.ActiveCfg = Debug|Any CPU
		{0BBE43B4-D91C-4326-A8AC-805762349A81}.Debug|iPhone.Build.0 = Debug|Any CPU
		{0BBE43B4-D91C-4326-A8AC-805762349A81}.Debug|iPhone.Deploy.0 = Debug|Any CPU
		{0BBE43B4-D91C-4326-A8AC-805762349A81}.Debug|iPhoneSimulator.ActiveCfg = Debug|Any CPU
		{0BBE43B4-D91C-4326-A8AC-805762349A81}.Debug|iPhoneSimulator.Build.0 = Debug|Any CPU
		{0BBE43B4-D91C-4326-A8AC-805762349A81}.Debug|iPhoneSimulator.Deploy.0 = Debug|Any CPU
		{0BBE43B4-D91C-4326-A8AC-805762349A81}.Release|Any CPU.ActiveCfg = Release|Any CPU
		{0BBE43B4-D91C-4326-A8AC-805762349A81}.Release|Any CPU.Build.0 = Release|Any CPU
		{0BBE43B4-D91C-4326-A8AC-805762349A81}.Release|Any CPU.Deploy.0 = Release|Any CPU
		{0BBE43B4-D91C-4326-A8AC-805762349A81}.Release|iPhone.ActiveCfg = Release|Any CPU
		{0BBE43B4-D91C-4326-A8AC-805762349A81}.Release|iPhone.Build.0 = Release|Any CPU
		{0BBE43B4-D91C-4326-A8AC-805762349A81}.Release|iPhone.Deploy.0 = Release|Any CPU
		{0BBE43B4-D91C-4326-A8AC-805762349A81}.Release|iPhoneSimulator.ActiveCfg = Release|Any CPU
		{0BBE43B4-D91C-4326-A8AC-805762349A81}.Release|iPhoneSimulator.Build.0 = Release|Any CPU
		{0BBE43B4-D91C-4326-A8AC-805762349A81}.Release|iPhoneSimulator.Deploy.0 = Release|Any CPU
		{4E44C0E4-D9BE-4B30-BDF3-E70FDEF1E4FC}.Debug|Any CPU.ActiveCfg = Debug|iPhone
		{4E44C0E4-D9BE-4B30-BDF3-E70FDEF1E4FC}.Debug|Any CPU.Build.0 = Debug|iPhone
		{4E44C0E4-D9BE-4B30-BDF3-E70FDEF1E4FC}.Debug|Any CPU.Deploy.0 = Debug|iPhone
		{4E44C0E4-D9BE-4B30-BDF3-E70FDEF1E4FC}.Debug|iPhone.ActiveCfg = Debug|iPhone
		{4E44C0E4-D9BE-4B30-BDF3-E70FDEF1E4FC}.Debug|iPhone.Build.0 = Debug|iPhone
		{4E44C0E4-D9BE-4B30-BDF3-E70FDEF1E4FC}.Debug|iPhone.Deploy.0 = Debug|iPhone
		{4E44C0E4-D9BE-4B30-BDF3-E70FDEF1E4FC}.Debug|iPhoneSimulator.ActiveCfg = Debug|iPhoneSimulator
		{4E44C0E4-D9BE-4B30-BDF3-E70FDEF1E4FC}.Debug|iPhoneSimulator.Build.0 = Debug|iPhoneSimulator
		{4E44C0E4-D9BE-4B30-BDF3-E70FDEF1E4FC}.Debug|iPhoneSimulator.Deploy.0 = Debug|iPhoneSimulator
		{4E44C0E4-D9BE-4B30-BDF3-E70FDEF1E4FC}.Release|Any CPU.ActiveCfg = Release|iPhoneSimulator
		{4E44C0E4-D9BE-4B30-BDF3-E70FDEF1E4FC}.Release|Any CPU.Build.0 = Release|iPhoneSimulator
		{4E44C0E4-D9BE-4B30-BDF3-E70FDEF1E4FC}.Release|Any CPU.Deploy.0 = Release|iPhoneSimulator
		{4E44C0E4-D9BE-4B30-BDF3-E70FDEF1E4FC}.Release|iPhone.ActiveCfg = Release|iPhone
		{4E44C0E4-D9BE-4B30-BDF3-E70FDEF1E4FC}.Release|iPhone.Build.0 = Release|iPhone
		{4E44C0E4-D9BE-4B30-BDF3-E70FDEF1E4FC}.Release|iPhone.Deploy.0 = Release|iPhone
		{4E44C0E4-D9BE-4B30-BDF3-E70FDEF1E4FC}.Release|iPhoneSimulator.ActiveCfg = Release|iPhoneSimulator
		{4E44C0E4-D9BE-4B30-BDF3-E70FDEF1E4FC}.Release|iPhoneSimulator.Build.0 = Release|iPhoneSimulator
		{4E44C0E4-D9BE-4B30-BDF3-E70FDEF1E4FC}.Release|iPhoneSimulator.Deploy.0 = Release|iPhoneSimulator
		{789D7321-BF42-4EA3-B414-B5A376CC1282}.Debug|Any CPU.ActiveCfg = Debug|Any CPU
		{789D7321-BF42-4EA3-B414-B5A376CC1282}.Debug|Any CPU.Build.0 = Debug|Any CPU
		{789D7321-BF42-4EA3-B414-B5A376CC1282}.Debug|Any CPU.Deploy.0 = Debug|Any CPU
		{789D7321-BF42-4EA3-B414-B5A376CC1282}.Debug|iPhone.ActiveCfg = Debug|Any CPU
		{789D7321-BF42-4EA3-B414-B5A376CC1282}.Debug|iPhone.Build.0 = Debug|Any CPU
		{789D7321-BF42-4EA3-B414-B5A376CC1282}.Debug|iPhone.Deploy.0 = Debug|Any CPU
		{789D7321-BF42-4EA3-B414-B5A376CC1282}.Debug|iPhoneSimulator.ActiveCfg = Debug|Any CPU
		{789D7321-BF42-4EA3-B414-B5A376CC1282}.Debug|iPhoneSimulator.Build.0 = Debug|Any CPU
		{789D7321-BF42-4EA3-B414-B5A376CC1282}.Debug|iPhoneSimulator.Deploy.0 = Debug|Any CPU
		{789D7321-BF42-4EA3-B414-B5A376CC1282}.Release|Any CPU.ActiveCfg = Release|Any CPU
		{789D7321-BF42-4EA3-B414-B5A376CC1282}.Release|Any CPU.Build.0 = Release|Any CPU
		{789D7321-BF42-4EA3-B414-B5A376CC1282}.Release|Any CPU.Deploy.0 = Release|Any CPU
		{789D7321-BF42-4EA3-B414-B5A376CC1282}.Release|iPhone.ActiveCfg = Release|Any CPU
		{789D7321-BF42-4EA3-B414-B5A376CC1282}.Release|iPhone.Build.0 = Release|Any CPU
		{789D7321-BF42-4EA3-B414-B5A376CC1282}.Release|iPhone.Deploy.0 = Release|Any CPU
		{789D7321-BF42-4EA3-B414-B5A376CC1282}.Release|iPhoneSimulator.ActiveCfg = Release|Any CPU
		{789D7321-BF42-4EA3-B414-B5A376CC1282}.Release|iPhoneSimulator.Build.0 = Release|Any CPU
		{789D7321-BF42-4EA3-B414-B5A376CC1282}.Release|iPhoneSimulator.Deploy.0 = Release|Any CPU
	EndGlobalSection
	GlobalSection(SolutionProperties) = preSolution
		HideSolutionNode = FALSE
	EndGlobalSection
	GlobalSection(ExtensibilityGlobals) = postSolution
		SolutionGuid = {69DE9992-2B2E-4FE4-8A98-5DFD9DA85870}
	EndGlobalSection
EndGlobal
